<Solution>
  <Folder Name="/src/" />
  <Folder Name="/src/Host/">
    <Project Path="src/Host/CrmSystem.Host.csproj" />
  </Folder>
  <Folder Name="/src/Shared/">
    <Project Path="src/Shared/Shared.Kernel/Shared.Kernel.csproj" />
    <Project Path="src/Shared/Shared.Infrastructure/Shared.Infrastructure.csproj" />
  </Folder>
  <Folder Name="/src/Modules/Students/">
    <Project Path="src/Modules/Students/Students.Domain/Students.Domain.csproj" />
    <Project Path="src/Modules/Students/Students.Contracts/Students.Contracts.csproj" />
    <Project Path="src/Modules/Students/Students.Application/Students.Application.csproj" />
    <Project Path="src/Modules/Students/Students.Infrastructure.Postgres/Students.Infrastructure.Postgres.csproj" />
  </Folder>
  <Folder Name="/src/Modules/Identity/">
    <Project Path="src/Modules/Identity/Identity.Domain/Identity.Domain.csproj" />
    <Project Path="src/Modules/Identity/Identity.Contracts/Identity.Contracts.csproj" />
    <Project Path="src/Modules/Identity/Identity.Application/Identity.Application.csproj" />
    <Project Path="src/Modules/Identity/Identity.Infrastructure.Postgres/Identity.Infrastructure.Postgres.csproj" />
    <Project Path="src/Modules/Identity/Identity.Infrastructure.Jwt/Identity.Infrastructure.Jwt.csproj" />
  </Folder>
  <Folder Name="/src/Modules/Teachers/">
    <Project Path="src/Modules/Teachers/Teachers.Domain/Teachers.Domain.csproj" />
    <Project Path="src/Modules/Teachers/Teachers.Contracts/Teachers.Contracts.csproj" />
    <Project Path="src/Modules/Teachers/Teachers.Application/Teachers.Application.csproj" />
    <Project Path="src/Modules/Teachers/Teachers.Infrastructure.Postgres/Teachers.Infrastructure.Postgres.csproj" />
  </Folder>
  <Folder Name="/src/Contracts/">
    <Project Path="src/Contracts/Education.Contracts/Education.Contracts.csproj" />
  </Folder>
  <Folder Name="/src/Modules/Courses/">
    <Project Path="src/Modules/Courses/Courses.Domain/Courses.Domain.csproj" />
    <Project Path="src/Modules/Courses/Courses.Contracts/Courses.Contracts.csproj" />
    <Project Path="src/Modules/Courses/Courses.Application/Courses.Application.csproj" />
    <Project Path="src/Modules/Courses/Courses.Infrastructure.Postgres/Courses.Infrastructure.Postgres.csproj" />
  </Folder>
  <Folder Name="/src/Modules/Scheduling/">
    <Project Path="src/Modules/Scheduling/Scheduling.Domain/Scheduling.Domain.csproj" />
    <Project Path="src/Modules/Scheduling/Scheduling.Contracts/Scheduling.Contracts.csproj" />
    <Project Path="src/Modules/Scheduling/Scheduling.Application/Scheduling.Application.csproj" />
    <Project Path="src/Modules/Scheduling/Scheduling.Infrastructure.Postgres/Scheduling.Infrastructure.Postgres.csproj" />
  </Folder>
  <Folder Name="/src/Modules/Billing/">
    <Project Path="src/Modules/Billing/Billing.Domain/Billing.Domain.csproj" />
    <Project Path="src/Modules/Billing/Billing.Contracts/Billing.Contracts.csproj" />
    <Project Path="src/Modules/Billing/Billing.Application/Billing.Application.csproj" />
    <Project Path="src/Modules/Billing/Billing.Infrastructure.Postgres/Billing.Infrastructure.Postgres.csproj" />
  </Folder>
  <Folder Name="/src/Modules/Reporting/">
    <Project Path="src/Modules/Reporting/Reporting.Application/Reporting.Application.csproj" />
  </Folder>
  <Folder Name="/src/Modules/Notifications/">
    <Project Path="src/Modules/Notifications/Notifications.Domain/Notifications.Domain.csproj" />
    <Project Path="src/Modules/Notifications/Notifications.Contracts/Notifications.Contracts.csproj" />
    <Project Path="src/Modules/Notifications/Notifications.Application/Notifications.Application.csproj" />
    <Project Path="src/Modules/Notifications/Notifications.Infrastructure.Postgres/Notifications.Infrastructure.Postgres.csproj" />
  </Folder>
  <Folder Name="/src/Modules/Materials/">
    <Project Path="src/Modules/Materials/Materials.Domain/Materials.Domain.csproj" />
    <Project Path="src/Modules/Materials/Materials.Application/Materials.Application.csproj" />
    <Project Path="src/Modules/Materials/Materials.Infrastructure.Postgres/Materials.Infrastructure.Postgres.csproj" />
  </Folder>
  <Folder Name="/src/Modules/Enrollments/">
    <Project Path="src/Modules/Enrollments/Enrollments.Domain/Enrollments.Domain.csproj" />
    <Project Path="src/Modules/Enrollments/Enrollments.Contracts/Enrollments.Contracts.csproj" />
    <Project Path="src/Modules/Enrollments/Enrollments.Application/Enrollments.Application.csproj" />
    <Project Path="src/Modules/Enrollments/Enrollments.Infrastructure.Postgres/Enrollments.Infrastructure.Postgres.csproj" />
  </Folder>
</Solution>
